Microsoft Visual Studio Solution File, Format Version 12.00
# Visual Studio 2012
Project("{FAE04EC0-301F-11D3-BF4B-00C04F79EFBC}") = "FirstGameProject", "FirstGameProject.csproj", "{4D07E478-1BC3-48B6-A3E7-0E973ED4C839}"
EndProject
Global
	GlobalSection(SolutionConfigurationPlatforms) = preSolution
	Debug|Any CPU = Debug|Any CPU
	ExportDebug|Any CPU = ExportDebug|Any CPU
	ExportRelease|Any CPU = ExportRelease|Any CPU
	EndGlobalSection
	GlobalSection(ProjectConfigurationPlatforms) = postSolution
		{4D07E478-1BC3-48B6-A3E7-0E973ED4C839}.Debug|Any CPU.ActiveCfg = Debug|Any CPU
		{4D07E478-1BC3-48B6-A3E7-0E973ED4C839}.Debug|Any CPU.Build.0 = Debug|Any CPU
		{4D07E478-1BC3-48B6-A3E7-0E973ED4C839}.ExportDebug|Any CPU.ActiveCfg = ExportDebug|Any CPU
		{4D07E478-1BC3-48B6-A3E7-0E973ED4C839}.ExportDebug|Any CPU.Build.0 = ExportDebug|Any CPU
		{4D07E478-1BC3-48B6-A3E7-0E973ED4C839}.ExportRelease|Any CPU.ActiveCfg = ExportRelease|Any CPU
		{4D07E478-1BC3-48B6-A3E7-0E973ED4C839}.ExportRelease|Any CPU.Build.0 = ExportRelease|Any CPU
	EndGlobalSection
EndGlobal
